github.com/go-gorp/gorp/v3 v3.1.0 h1:ItKF/Vbuj31dmV4jxA1qblpSwkl9g1typ24xoe70IGs=
github.com/go-gorp/gorp/v3 v3.1.0/go.mod h1:dLEjIyyRNiXvNZ8PSmzpt1GsWAUK8kjVhEpjH8TixEw=
github.com/lib/pq v1.10.9 h1:YXG7RB+JIjhP29X+OtkiDnYaXQwpS4JEWq7dtCCRUEw=
github.com/lib/pq v1.10.9/go.mod h1:AlVN5x4E4T544tWzH6hKfbfQvm3HdbOxrmggDNAPY9o=
github.com/rubenv/sql-migrate v1.7.0 h1:HtQq1xyTN2ISmQDggnh0c9U3JlP8apWh8YO2jzlXpTI=
github.com/rubenv/sql-migrate v1.7.0/go.mod h1:S4wtDEG1CKn+0ShpTtzWhFpHHI5PvCUtiGI+C+Z2THE=
